
Microsoft Visual Studio Solution File, Format Version 12.00
# Visual Studio 15
VisualStudioVersion = 15.0.28010.2019
MinimumVisualStudioVersion = 10.0.40219.1
Project("{FAE04EC0-301F-11D3-BF4B-00C04F79EFBC}") = "GutierrezG.Juliet.2D.TP3", "GutierrezG.Juliet.2D.TP3\GutierrezG.Juliet.2D.TP3.csproj", "{4E0828BB-3AD7-4343-A8A9-7AE4B69F01A3}"
EndProject
Project("{FAE04EC0-301F-11D3-BF4B-00C04F79EFBC}") = "EntidadesAbstractas", "EntidadesAbstractas\EntidadesAbstractas.csproj", "{FF528C6F-FA0B-4E69-9141-ABB0B9311F1C}"
EndProject
Project("{FAE04EC0-301F-11D3-BF4B-00C04F79EFBC}") = "Archivo", "Archivo\Archivo.csproj", "{9BBCF46F-809E-4EB4-9649-A2234C36595C}"
EndProject
Project("{FAE04EC0-301F-11D3-BF4B-00C04F79EFBC}") = "EntidadesInstanciables", "EntidadesInstanciables\EntidadesInstanciables.csproj", "{4FC87B3E-5EAD-4136-8D08-9A9389C29DBF}"
EndProject
Project("{FAE04EC0-301F-11D3-BF4B-00C04F79EFBC}") = "Excepciones", "Excepciones\Excepciones.csproj", "{A21C10AE-CB77-448B-BEB6-0B70BF9B8767}"
EndProject
Project("{FAE04EC0-301F-11D3-BF4B-00C04F79EFBC}") = "TestUniversidad", "TestUniversidad\TestUniversidad.csproj", "{7560BDB5-295E-4CCB-8A1F-5606FCBB5087}"
EndProject
Global
	GlobalSection(SolutionConfigurationPlatforms) = preSolution
		Debug|Any CPU = Debug|Any CPU
		Release|Any CPU = Release|Any CPU
	EndGlobalSection
	GlobalSection(ProjectConfigurationPlatforms) = postSolution
		{4E0828BB-3AD7-4343-A8A9-7AE4B69F01A3}.Debug|Any CPU.ActiveCfg = Debug|Any CPU
		{4E0828BB-3AD7-4343-A8A9-7AE4B69F01A3}.Debug|Any CPU.Build.0 = Debug|Any CPU
		{4E0828BB-3AD7-4343-A8A9-7AE4B69F01A3}.Release|Any CPU.ActiveCfg = Release|Any CPU
		{4E0828BB-3AD7-4343-A8A9-7AE4B69F01A3}.Release|Any CPU.Build.0 = Release|Any CPU
		{FF528C6F-FA0B-4E69-9141-ABB0B9311F1C}.Debug|Any CPU.ActiveCfg = Debug|Any CPU
		{FF528C6F-FA0B-4E69-9141-ABB0B9311F1C}.Debug|Any CPU.Build.0 = Debug|Any CPU
		{FF528C6F-FA0B-4E69-9141-ABB0B9311F1C}.Release|Any CPU.ActiveCfg = Release|Any CPU
		{FF528C6F-FA0B-4E69-9141-ABB0B9311F1C}.Release|Any CPU.Build.0 = Release|Any CPU
		{9BBCF46F-809E-4EB4-9649-A2234C36595C}.Debug|Any CPU.ActiveCfg = Debug|Any CPU
		{9BBCF46F-809E-4EB4-9649-A2234C36595C}.Debug|Any CPU.Build.0 = Debug|Any CPU
		{9BBCF46F-809E-4EB4-9649-A2234C36595C}.Release|Any CPU.ActiveCfg = Release|Any CPU
		{9BBCF46F-809E-4EB4-9649-A2234C36595C}.Release|Any CPU.Build.0 = Release|Any CPU
		{4FC87B3E-5EAD-4136-8D08-9A9389C29DBF}.Debug|Any CPU.ActiveCfg = Debug|Any CPU
		{4FC87B3E-5EAD-4136-8D08-9A9389C29DBF}.Debug|Any CPU.Build.0 = Debug|Any CPU
		{4FC87B3E-5EAD-4136-8D08-9A9389C29DBF}.Release|Any CPU.ActiveCfg = Release|Any CPU
		{4FC87B3E-5EAD-4136-8D08-9A9389C29DBF}.Release|Any CPU.Build.0 = Release|Any CPU
		{A21C10AE-CB77-448B-BEB6-0B70BF9B8767}.Debug|Any CPU.ActiveCfg = Debug|Any CPU
		{A21C10AE-CB77-448B-BEB6-0B70BF9B8767}.Debug|Any CPU.Build.0 = Debug|Any CPU
		{A21C10AE-CB77-448B-BEB6-0B70BF9B8767}.Release|Any CPU.ActiveCfg = Release|Any CPU
		{A21C10AE-CB77-448B-BEB6-0B70BF9B8767}.Release|Any CPU.Build.0 = Release|Any CPU
		{7560BDB5-295E-4CCB-8A1F-5606FCBB5087}.Debug|Any CPU.ActiveCfg = Debug|Any CPU
		{7560BDB5-295E-4CCB-8A1F-5606FCBB5087}.Debug|Any CPU.Build.0 = Debug|Any CPU
		{7560BDB5-295E-4CCB-8A1F-5606FCBB5087}.Release|Any CPU.ActiveCfg = Release|Any CPU
		{7560BDB5-295E-4CCB-8A1F-5606FCBB5087}.Release|Any CPU.Build.0 = Release|Any CPU
	EndGlobalSection
	GlobalSection(SolutionProperties) = preSolution
		HideSolutionNode = FALSE
	EndGlobalSection
	GlobalSection(ExtensibilityGlobals) = postSolution
		SolutionGuid = {21D51939-D0F3-46D4-AA13-50CB1CAB9A1D}
	EndGlobalSection
EndGlobal
